
Microsoft Visual Studio Solution File, Format Version 12.00
# Visual Studio Version 17
VisualStudioVersion = 17.8.34511.84
MinimumVisualStudioVersion = 10.0.40219.1
Project("{9A19103F-16F7-4668-BE54-9A1E7A4F7556}") = "CollaborativeBoardApi", "CollaborativeBoardApi.csproj", "{AF14729B-8EA8-4FD9-96BC-065E9A4722B6}"
EndProject
Global
	GlobalSection(SolutionConfigurationPlatforms) = preSolution
		Debug|Any CPU = Debug|Any CPU
		Release|Any CPU = Release|Any CPU
	EndGlobalSection
	GlobalSection(ProjectConfigurationPlatforms) = postSolution
		{AF14729B-8EA8-4FD9-96BC-065E9A4722B6}.Debug|Any CPU.ActiveCfg = Debug|Any CPU
		{AF14729B-8EA8-4FD9-96BC-065E9A4722B6}.Debug|Any CPU.Build.0 = Debug|Any CPU
		{AF14729B-8EA8-4FD9-96BC-065E9A4722B6}.Release|Any CPU.ActiveCfg = Release|Any CPU
		{AF14729B-8EA8-4FD9-96BC-065E9A4722B6}.Release|Any CPU.Build.0 = Release|Any CPU
	EndGlobalSection
	GlobalSection(SolutionProperties) = preSolution
		HideSolutionNode = FALSE
	EndGlobalSection
	GlobalSection(ExtensibilityGlobals) = postSolution
		SolutionGuid = {1AC3A083-99B9-4FFF-AF9D-5323AF927826}
	EndGlobalSection
EndGlobal
